
Microsoft Visual Studio Solution File, Format Version 12.00
# Visual Studio Version 17
VisualStudioVersion = 17.0.31919.166
MinimumVisualStudioVersion = 10.0.40219.1
Project("{9A19103F-16F7-4668-BE54-9A1E7A4F7556}") = "Day7", "Day7\Day7.csproj", "{6A0DB4D2-09ED-4FB7-82B0-CD89E28C792D}"
EndProject
Project("{9A19103F-16F7-4668-BE54-9A1E7A4F7556}") = "Day1", "Day1\Day1.csproj", "{4ED05699-19AB-4DB2-851C-A129795775A9}"
EndProject
Project("{9A19103F-16F7-4668-BE54-9A1E7A4F7556}") = "Day2", "Day2\Day2.csproj", "{648EA580-F93A-498C-955B-DAB0EB8656CC}"
EndProject
Project("{9A19103F-16F7-4668-BE54-9A1E7A4F7556}") = "Day6", "Day6\Day6.csproj", "{A6C03089-C134-4813-9029-7ADA9EEBB20E}"
EndProject
Project("{9A19103F-16F7-4668-BE54-9A1E7A4F7556}") = "Day5", "Day5\Day5.csproj", "{9A6CA23A-1FAA-4BCB-B290-481E97167F08}"
EndProject
Project("{9A19103F-16F7-4668-BE54-9A1E7A4F7556}") = "Day8", "Day8\Day8.csproj", "{229AD192-A90A-4EEA-B241-F9C8FA3DF257}"
EndProject
Project("{9A19103F-16F7-4668-BE54-9A1E7A4F7556}") = "Day4", "Day4\Day4.csproj", "{BD7F691B-5FE7-4900-83A4-94B6ACC9AB36}"
EndProject
Project("{9A19103F-16F7-4668-BE54-9A1E7A4F7556}") = "Day3", "Day3\Day3.csproj", "{C3D67A05-48F4-44CC-925B-AF95C9B247F1}"
EndProject
Project("{FAE04EC0-301F-11D3-BF4B-00C04F79EFBC}") = "Day9", "Day9\Day9.csproj", "{8106B35D-2294-4A20-877E-A3F7DD46EC45}"
EndProject
Global
	GlobalSection(SolutionConfigurationPlatforms) = preSolution
		Debug|Any CPU = Debug|Any CPU
		Release|Any CPU = Release|Any CPU
	EndGlobalSection
	GlobalSection(ProjectConfigurationPlatforms) = postSolution
		{6A0DB4D2-09ED-4FB7-82B0-CD89E28C792D}.Debug|Any CPU.ActiveCfg = Debug|Any CPU
		{6A0DB4D2-09ED-4FB7-82B0-CD89E28C792D}.Debug|Any CPU.Build.0 = Debug|Any CPU
		{6A0DB4D2-09ED-4FB7-82B0-CD89E28C792D}.Release|Any CPU.ActiveCfg = Release|Any CPU
		{6A0DB4D2-09ED-4FB7-82B0-CD89E28C792D}.Release|Any CPU.Build.0 = Release|Any CPU
		{4ED05699-19AB-4DB2-851C-A129795775A9}.Debug|Any CPU.ActiveCfg = Debug|Any CPU
		{4ED05699-19AB-4DB2-851C-A129795775A9}.Debug|Any CPU.Build.0 = Debug|Any CPU
		{4ED05699-19AB-4DB2-851C-A129795775A9}.Release|Any CPU.ActiveCfg = Release|Any CPU
		{4ED05699-19AB-4DB2-851C-A129795775A9}.Release|Any CPU.Build.0 = Release|Any CPU
		{648EA580-F93A-498C-955B-DAB0EB8656CC}.Debug|Any CPU.ActiveCfg = Debug|Any CPU
		{648EA580-F93A-498C-955B-DAB0EB8656CC}.Debug|Any CPU.Build.0 = Debug|Any CPU
		{648EA580-F93A-498C-955B-DAB0EB8656CC}.Release|Any CPU.ActiveCfg = Release|Any CPU
		{648EA580-F93A-498C-955B-DAB0EB8656CC}.Release|Any CPU.Build.0 = Release|Any CPU
		{A6C03089-C134-4813-9029-7ADA9EEBB20E}.Debug|Any CPU.ActiveCfg = Debug|Any CPU
		{A6C03089-C134-4813-9029-7ADA9EEBB20E}.Debug|Any CPU.Build.0 = Debug|Any CPU
		{A6C03089-C134-4813-9029-7ADA9EEBB20E}.Release|Any CPU.ActiveCfg = Release|Any CPU
		{A6C03089-C134-4813-9029-7ADA9EEBB20E}.Release|Any CPU.Build.0 = Release|Any CPU
		{9A6CA23A-1FAA-4BCB-B290-481E97167F08}.Debug|Any CPU.ActiveCfg = Debug|Any CPU
		{9A6CA23A-1FAA-4BCB-B290-481E97167F08}.Debug|Any CPU.Build.0 = Debug|Any CPU
		{9A6CA23A-1FAA-4BCB-B290-481E97167F08}.Release|Any CPU.ActiveCfg = Release|Any CPU
		{9A6CA23A-1FAA-4BCB-B290-481E97167F08}.Release|Any CPU.Build.0 = Release|Any CPU
		{229AD192-A90A-4EEA-B241-F9C8FA3DF257}.Debug|Any CPU.ActiveCfg = Debug|Any CPU
		{229AD192-A90A-4EEA-B241-F9C8FA3DF257}.Debug|Any CPU.Build.0 = Debug|Any CPU
		{229AD192-A90A-4EEA-B241-F9C8FA3DF257}.Release|Any CPU.ActiveCfg = Release|Any CPU
		{229AD192-A90A-4EEA-B241-F9C8FA3DF257}.Release|Any CPU.Build.0 = Release|Any CPU
		{BD7F691B-5FE7-4900-83A4-94B6ACC9AB36}.Debug|Any CPU.ActiveCfg = Debug|Any CPU
		{BD7F691B-5FE7-4900-83A4-94B6ACC9AB36}.Debug|Any CPU.Build.0 = Debug|Any CPU
		{BD7F691B-5FE7-4900-83A4-94B6ACC9AB36}.Release|Any CPU.ActiveCfg = Release|Any CPU
		{BD7F691B-5FE7-4900-83A4-94B6ACC9AB36}.Release|Any CPU.Build.0 = Release|Any CPU
		{C3D67A05-48F4-44CC-925B-AF95C9B247F1}.Debug|Any CPU.ActiveCfg = Debug|Any CPU
		{C3D67A05-48F4-44CC-925B-AF95C9B247F1}.Debug|Any CPU.Build.0 = Debug|Any CPU
		{C3D67A05-48F4-44CC-925B-AF95C9B247F1}.Release|Any CPU.ActiveCfg = Release|Any CPU
		{C3D67A05-48F4-44CC-925B-AF95C9B247F1}.Release|Any CPU.Build.0 = Release|Any CPU
		{8106B35D-2294-4A20-877E-A3F7DD46EC45}.Debug|Any CPU.ActiveCfg = Debug|Any CPU
		{8106B35D-2294-4A20-877E-A3F7DD46EC45}.Debug|Any CPU.Build.0 = Debug|Any CPU
		{8106B35D-2294-4A20-877E-A3F7DD46EC45}.Release|Any CPU.ActiveCfg = Release|Any CPU
		{8106B35D-2294-4A20-877E-A3F7DD46EC45}.Release|Any CPU.Build.0 = Release|Any CPU
	EndGlobalSection
	GlobalSection(SolutionProperties) = preSolution
		HideSolutionNode = FALSE
	EndGlobalSection
	GlobalSection(ExtensibilityGlobals) = postSolution
		SolutionGuid = {1A3D1E52-0A90-4D1B-AD14-59644B594098}
	EndGlobalSection
EndGlobal
